
Microsoft Visual Studio Solution File, Format Version 12.00
# Visual Studio Version 17
VisualStudioVersion = 17.0.31903.59
MinimumVisualStudioVersion = 10.0.40219.1
Project("{FAE04EC0-301F-11D3-BF4B-00C04F79EFBC}") = "MetadataTagging", "MetadataTagging.csproj", "{C5CC6AFC-294C-4153-9DCB-8543A7281E9E}"
EndProject
Project("{FAE04EC0-301F-11D3-BF4B-00C04F79EFBC}") = "MetadataTagging.Tests", "MetadataTagging.Tests\MetadataTagging.Tests.csproj", "{ABCB2C7D-F5AA-40D0-A804-64B71E117580}"
EndProject
Global
	GlobalSection(SolutionConfigurationPlatforms) = preSolution
		Debug|Any CPU = Debug|Any CPU
		Debug|x64 = Debug|x64
		Debug|x86 = Debug|x86
		Release|Any CPU = Release|Any CPU
		Release|x64 = Release|x64
		Release|x86 = Release|x86
	EndGlobalSection
	GlobalSection(ProjectConfigurationPlatforms) = postSolution
		{C5CC6AFC-294C-4153-9DCB-8543A7281E9E}.Debug|Any CPU.ActiveCfg = Debug|Any CPU
		{C5CC6AFC-294C-4153-9DCB-8543A7281E9E}.Debug|Any CPU.Build.0 = Debug|Any CPU
		{C5CC6AFC-294C-4153-9DCB-8543A7281E9E}.Debug|x64.ActiveCfg = Debug|Any CPU
		{C5CC6AFC-294C-4153-9DCB-8543A7281E9E}.Debug|x64.Build.0 = Debug|Any CPU
		{C5CC6AFC-294C-4153-9DCB-8543A7281E9E}.Debug|x86.ActiveCfg = Debug|Any CPU
		{C5CC6AFC-294C-4153-9DCB-8543A7281E9E}.Debug|x86.Build.0 = Debug|Any CPU
		{C5CC6AFC-294C-4153-9DCB-8543A7281E9E}.Release|Any CPU.ActiveCfg = Release|Any CPU
		{C5CC6AFC-294C-4153-9DCB-8543A7281E9E}.Release|Any CPU.Build.0 = Release|Any CPU
		{C5CC6AFC-294C-4153-9DCB-8543A7281E9E}.Release|x64.ActiveCfg = Release|Any CPU
		{C5CC6AFC-294C-4153-9DCB-8543A7281E9E}.Release|x64.Build.0 = Release|Any CPU
		{C5CC6AFC-294C-4153-9DCB-8543A7281E9E}.Release|x86.ActiveCfg = Release|Any CPU
		{C5CC6AFC-294C-4153-9DCB-8543A7281E9E}.Release|x86.Build.0 = Release|Any CPU
		{ABCB2C7D-F5AA-40D0-A804-64B71E117580}.Debug|Any CPU.ActiveCfg = Debug|Any CPU
		{ABCB2C7D-F5AA-40D0-A804-64B71E117580}.Debug|Any CPU.Build.0 = Debug|Any CPU
		{ABCB2C7D-F5AA-40D0-A804-64B71E117580}.Debug|x64.ActiveCfg = Debug|Any CPU
		{ABCB2C7D-F5AA-40D0-A804-64B71E117580}.Debug|x64.Build.0 = Debug|Any CPU
		{ABCB2C7D-F5AA-40D0-A804-64B71E117580}.Debug|x86.ActiveCfg = Debug|Any CPU
		{ABCB2C7D-F5AA-40D0-A804-64B71E117580}.Debug|x86.Build.0 = Debug|Any CPU
		{ABCB2C7D-F5AA-40D0-A804-64B71E117580}.Release|Any CPU.ActiveCfg = Release|Any CPU
		{ABCB2C7D-F5AA-40D0-A804-64B71E117580}.Release|Any CPU.Build.0 = Release|Any CPU
		{ABCB2C7D-F5AA-40D0-A804-64B71E117580}.Release|x64.ActiveCfg = Release|Any CPU
		{ABCB2C7D-F5AA-40D0-A804-64B71E117580}.Release|x64.Build.0 = Release|Any CPU
		{ABCB2C7D-F5AA-40D0-A804-64B71E117580}.Release|x86.ActiveCfg = Release|Any CPU
		{ABCB2C7D-F5AA-40D0-A804-64B71E117580}.Release|x86.Build.0 = Release|Any CPU
	EndGlobalSection
	GlobalSection(SolutionProperties) = preSolution
		HideSolutionNode = FALSE
	EndGlobalSection
EndGlobal
